
Microsoft Visual Studio Solution File, Format Version 12.00
# Visual Studio Version 17
VisualStudioVersion = 17.4.33205.214
MinimumVisualStudioVersion = 10.0.40219.1
Project("{FAE04EC0-301F-11D3-BF4B-00C04F79EFBC}") = "CaisseEnregistreuse", "CaisseEnregistreuse\CaisseEnregistreuse.csproj", "{7A4D5FD6-8BFB-44A1-B3C0-64CECA1C5ED2}"
EndProject
Global
	GlobalSection(SolutionConfigurationPlatforms) = preSolution
		Debug|Any CPU = Debug|Any CPU
		Release|Any CPU = Release|Any CPU
	EndGlobalSection
	GlobalSection(ProjectConfigurationPlatforms) = postSolution
		{7A4D5FD6-8BFB-44A1-B3C0-64CECA1C5ED2}.Debug|Any CPU.ActiveCfg = Debug|Any CPU
		{7A4D5FD6-8BFB-44A1-B3C0-64CECA1C5ED2}.Debug|Any CPU.Build.0 = Debug|Any CPU
		{7A4D5FD6-8BFB-44A1-B3C0-64CECA1C5ED2}.Release|Any CPU.ActiveCfg = Release|Any CPU
		{7A4D5FD6-8BFB-44A1-B3C0-64CECA1C5ED2}.Release|Any CPU.Build.0 = Release|Any CPU
	EndGlobalSection
	GlobalSection(SolutionProperties) = preSolution
		HideSolutionNode = FALSE
	EndGlobalSection
	GlobalSection(ExtensibilityGlobals) = postSolution
		SolutionGuid = {BD9E1954-523E-4B1E-8857-921B64D60B9B}
	EndGlobalSection
EndGlobal
